
Microsoft Visual Studio Solution File, Format Version 12.00
# Visual Studio 15
VisualStudioVersion = 15.0.28010.2050
MinimumVisualStudioVersion = 10.0.40219.1
Project("{FAE04EC0-301F-11D3-BF4B-00C04F79EFBC}") = "Counter of Days", "Counter of Days\Counter of Days.csproj", "{382F9A6E-7FB0-4918-8608-944D976E6A29}"
EndProject
Global
	GlobalSection(SolutionConfigurationPlatforms) = preSolution
		Debug|Any CPU = Debug|Any CPU
		Release|Any CPU = Release|Any CPU
	EndGlobalSection
	GlobalSection(ProjectConfigurationPlatforms) = postSolution
		{382F9A6E-7FB0-4918-8608-944D976E6A29}.Debug|Any CPU.ActiveCfg = Debug|Any CPU
		{382F9A6E-7FB0-4918-8608-944D976E6A29}.Debug|Any CPU.Build.0 = Debug|Any CPU
		{382F9A6E-7FB0-4918-8608-944D976E6A29}.Release|Any CPU.ActiveCfg = Release|Any CPU
		{382F9A6E-7FB0-4918-8608-944D976E6A29}.Release|Any CPU.Build.0 = Release|Any CPU
	EndGlobalSection
	GlobalSection(SolutionProperties) = preSolution
		HideSolutionNode = FALSE
	EndGlobalSection
	GlobalSection(ExtensibilityGlobals) = postSolution
		SolutionGuid = {85FEBD99-89E9-4C08-8D04-D01B4C966CA3}
	EndGlobalSection
EndGlobal
